github.com/chzyer/readline v0.0.0-20180603132655-2972be24d48e h1:fY5BOSpyZCqRo5OhCuC+XN+r/bBCmeuuJtjz+bCNIf8=
github.com/chzyer/readline v0.0.0-20180603132655-2972be24d48e/go.mod h1:nSuG5e5PlCu98SY8svDHJxuZscDgtXS6KTTbou5AhLI=
github.com/dlclark/regexp2 v1.1.6 h1:CqB4MjHw0MFCDj+PHHjiESmHX+N7t0tJzKvC6M97BRg=
github.com/dlclark/regexp2 v1.1.6/go.mod h1:2pZnwuY/m+8K6iRw6wQdMtk+rH5tNGR1i55kozfMjCc=
github.com/dop251/goja v0.0.0-20181125163413-2dd08a5fc665 h1:/1OIh/nMDmfEuL2HW9TUqCf6+p0mj4xIeHHsL+Zo0i8=
github.com/dop251/goja v0.0.0-20181125163413-2dd08a5fc665/go.mod h1:Mw6PkjjMXWbTj+nnj4s3QPXq1jaT0s5pC0iFD4+BOAA=
github.com/go-sourcemap/sourcemap v2.1.2+incompatible h1:0b/xya7BKGhXuqFESKM4oIiRo9WOt2ebz7KxfreD6ug=
github.com/go-sourcemap/sourcemap v2.1.2+incompatible/go.mod h1:F8jJfvm2KbVjc5NqelyYJmf/v5J0dwNLS2mL4sNA1Jg=
github.com/koron/iferr v0.0.0-20180615142939-bb332a3b1d91 h1:hunjgdb3b21ZdRmzDPXii0EcnHpjH7uCP+kODoE1JH0=
github.com/koron/iferr v0.0.0-20180615142939-bb332a3b1d91/go.mod h1:C2tFh8w3I6i4lnUJfoBx2Hwku3mgu4wPNTtUNp1i5KI=
github.com/logrusorgru/aurora v0.0.0-20181002194514-a7b3b318ed4e h1:9MlwzLdW7QSDrhDjFlsEYmxpFyIoXmYRon3dt0io31k=
github.com/logrusorgru/aurora v0.0.0-20181002194514-a7b3b318ed4e/go.mod h1:7rIyQOR62GCctdiQpZ/zOJlFyk6y+94wXzv6RNZgaR4=
github.com/stamblerre/gocode v0.0.0-20181212030458-2f9d39d8f31d/go.mod h1:EM2T8YDoTCvGXbEpFHxarbpv7VE26QD1++Cb1Pbh7Gs=
golang.org/x/text v0.3.0 h1:g61tztE5qeGQ89tm6NTjjM9VPIm088od1l6aSorWRWg=
golang.org/x/text v0.3.0/go.mod h1:NqM8EUOU14njkJ3fqMW+pc6Ldnwhi/IjpwHt7yyuwOQ=
